
Microsoft Visual Studio Solution File, Format Version 12.00
# Visual Studio 2013
VisualStudioVersion = 12.0.31101.0
MinimumVisualStudioVersion = 10.0.40219.1
Project("{9092AA53-FB77-4645-B42D-1CCCA6BD08BD}") = "People", "People\People.njsproj", "{43D4DA7D-1105-43A7-AF9C-15BFFC024758}"
EndProject
Global
	GlobalSection(SolutionConfigurationPlatforms) = preSolution
		Debug|Any CPU = Debug|Any CPU
		Release|Any CPU = Release|Any CPU
	EndGlobalSection
	GlobalSection(ProjectConfigurationPlatforms) = postSolution
		{43D4DA7D-1105-43A7-AF9C-15BFFC024758}.Debug|Any CPU.ActiveCfg = Debug|Any CPU
		{43D4DA7D-1105-43A7-AF9C-15BFFC024758}.Debug|Any CPU.Build.0 = Debug|Any CPU
		{43D4DA7D-1105-43A7-AF9C-15BFFC024758}.Release|Any CPU.ActiveCfg = Release|Any CPU
		{43D4DA7D-1105-43A7-AF9C-15BFFC024758}.Release|Any CPU.Build.0 = Release|Any CPU
	EndGlobalSection
	GlobalSection(SolutionProperties) = preSolution
		HideSolutionNode = FALSE
	EndGlobalSection
EndGlobal
